{
  "name": "pinduoduo.com",
  "version": "1.0.0",
  "lockfileVersion": 1,
  "requires": true,
  "dependencies": {
    "cookie.js": {
      "version": "5.0.2",
      "resolved": "https://registry.npm.taobao.org/cookie.js/download/cookie.js-5.0.2.tgz",
      "integrity": "sha1-pxNpxY47NY7tTUKo4t0Vebph/aA="
    },
    "jquery": {
      "version": "3.5.1",
      "resolved": "https://registry.npm.taobao.org/jquery/download/jquery-3.5.1.tgz",
      "integrity": "sha1-17TQjhv9uGrS8aPQOeoXMEcXq7U="
    },
    "requirejs": {
      "version": "2.3.6",
      "resolved": "https://registry.npm.taobao.org/requirejs/download/requirejs-2.3.6.tgz",
      "integrity": "sha1-5Qk9lgHCgpJRJYwLlEXU0Z+p58k="
    }
  }
}
